<?xml version="1.0" encoding="utf-8"?>
<Project ToolsVersion="4.0" xmlns="http://schemas.microsoft.com/developer/msbuild/2003">
  <ItemGroup>
    <None Include="sample.in" />
    <None Include="sample.out" />
    <None Include="small-practice.in" />
    <None Include="small-practice.out" />
    <None Include="large-practice.in" />
    <None Include="large-practice.out" />
  </ItemGroup>
  <ItemGroup>
    <ClCompile Include="main.cpp" />
  </ItemGroup>
</Project>