
Microsoft Visual Studio Solution File, Format Version 12.00
# Visual Studio 15
VisualStudioVersion = 15.0.28010.2046
MinimumVisualStudioVersion = 10.0.40219.1
Project("{8BC9CEB8-8B4A-11D0-8D11-00A0C91BC942}") = "Minimum Scalar Product", "Minimum Scalar Product\Minimum Scalar Product.vcxproj", "{A95600A6-D53D-4515-8250-D72FE2278352}"
EndProject
Project("{8BC9CEB8-8B4A-11D0-8D11-00A0C91BC942}") = "Milkshakes", "Milkshakes\Milkshakes.vcxproj", "{DE424B4A-00D9-4E96-A6FB-74D93A6DF90B}"
EndProject
Project("{8BC9CEB8-8B4A-11D0-8D11-00A0C91BC942}") = "Numbers", "Numbers\Numbers.vcxproj", "{D381C961-A97B-4115-87CE-03EFC41AD4F2}"
EndProject
Global
	GlobalSection(SolutionConfigurationPlatforms) = preSolution
		large-practice|x64 = large-practice|x64
		sample|x64 = sample|x64
		small-practice|x64 = small-practice|x64
	EndGlobalSection
	GlobalSection(ProjectConfigurationPlatforms) = postSolution
		{A95600A6-D53D-4515-8250-D72FE2278352}.large-practice|x64.ActiveCfg = large-practice|x64
		{A95600A6-D53D-4515-8250-D72FE2278352}.large-practice|x64.Build.0 = large-practice|x64
		{A95600A6-D53D-4515-8250-D72FE2278352}.sample|x64.ActiveCfg = sample|x64
		{A95600A6-D53D-4515-8250-D72FE2278352}.sample|x64.Build.0 = sample|x64
		{A95600A6-D53D-4515-8250-D72FE2278352}.small-practice|x64.ActiveCfg = small-practice|x64
		{A95600A6-D53D-4515-8250-D72FE2278352}.small-practice|x64.Build.0 = small-practice|x64
		{DE424B4A-00D9-4E96-A6FB-74D93A6DF90B}.large-practice|x64.ActiveCfg = large-practice|x64
		{DE424B4A-00D9-4E96-A6FB-74D93A6DF90B}.large-practice|x64.Build.0 = large-practice|x64
		{DE424B4A-00D9-4E96-A6FB-74D93A6DF90B}.sample|x64.ActiveCfg = sample|x64
		{DE424B4A-00D9-4E96-A6FB-74D93A6DF90B}.sample|x64.Build.0 = sample|x64
		{DE424B4A-00D9-4E96-A6FB-74D93A6DF90B}.small-practice|x64.ActiveCfg = small-practice|x64
		{DE424B4A-00D9-4E96-A6FB-74D93A6DF90B}.small-practice|x64.Build.0 = small-practice|x64
		{D381C961-A97B-4115-87CE-03EFC41AD4F2}.large-practice|x64.ActiveCfg = large-practice|x64
		{D381C961-A97B-4115-87CE-03EFC41AD4F2}.large-practice|x64.Build.0 = large-practice|x64
		{D381C961-A97B-4115-87CE-03EFC41AD4F2}.sample|x64.ActiveCfg = sample|x64
		{D381C961-A97B-4115-87CE-03EFC41AD4F2}.sample|x64.Build.0 = sample|x64
		{D381C961-A97B-4115-87CE-03EFC41AD4F2}.small-practice|x64.ActiveCfg = small-practice|x64
		{D381C961-A97B-4115-87CE-03EFC41AD4F2}.small-practice|x64.Build.0 = small-practice|x64
	EndGlobalSection
	GlobalSection(SolutionProperties) = preSolution
		HideSolutionNode = FALSE
	EndGlobalSection
	GlobalSection(ExtensibilityGlobals) = postSolution
		SolutionGuid = {B693F35C-1D09-40A8-A47D-62998665A7A7}
	EndGlobalSection
EndGlobal
